PODS:
  - ActiveLabel (0.7.1)
  - Alamofire (4.3.0)
  - libjingle_peerconnection (11177.2.0)

DEPENDENCIES:
  - ActiveLabel (from `https://github.com/optonaut/ActiveLabel.swift`, branch `master`)
  - Alamofire (from `https://github.com/Alamofire/Alamofire.git`, branch `master`)
  - libjingle_peerconnection

EXTERNAL SOURCES:
  ActiveLabel:
    :branch: master
    :git: https://github.com/optonaut/ActiveLabel.swift
  Alamofire:
    :branch: master
    :git: https://github.com/Alamofire/Alamofire.git

CHECKOUT OPTIONS:
  ActiveLabel:
    :commit: 5c030f3c37a43faaa5250130898028d7093c3d89
    :git: https://github.com/optonaut/ActiveLabel.swift
  Alamofire:
    :commit: fa3c6d09b603f417c7788adb51ca0cade75b3d67
    :git: https://github.com/Alamofire/Alamofire.git

SPEC CHECKSUMS:
  ActiveLabel: faa96b5f50507770536a3e48a4cf291ee88fb7db
  Alamofire: 1f72088aff8f6b40828dadd61be2e9a31beca01e
  libjingle_peerconnection: 3458f646ddd61f08a9f3a0c43fb01fff5c165eb8

PODFILE CHECKSUM: 009de9cfd1b749cd6a556a1e8ad19a52423b7daa

COCOAPODS: 1.2.0
