// !$*UTF8*$!
{
	archiveVersion = 1;
	classes = {
	};
	objectVersion = 46;
	objects = {

/* Begin PBXBuildFile section */
		5B01667A19AC2B730059918D /* NotesViewController.swift in Sources */ = {isa = PBXBuildFile; fileRef = 5B01667919AC2B730059918D /* NotesViewController.swift */; };
		5B75921619AC313C005E2745 /* ProjectsViewController.swift in Sources */ = {isa = PBXBuildFile; fileRef = 5B75921519AC313C005E2745 /* ProjectsViewController.swift */; };
		5B94184019B8D296006A9EAD /* MoreTableViewController.swift in Sources */ = {isa = PBXBuildFile; fileRef = 5B94183F19B8D296006A9EAD /* MoreTableViewController.swift */; };
		5B990C9B19ACD59B00F9278A /* ChatComposeViewController.swift in Sources */ = {isa = PBXBuildFile; fileRef = 5B990C9A19ACD59B00F9278A /* ChatComposeViewController.swift */; };
		5B990C9D19ACE5AF00F9278A /* ChatDetailViewController.swift in Sources */ = {isa = PBXBuildFile; fileRef = 5B990C9C19ACE5AF00F9278A /* ChatDetailViewController.swift */; };
		5BF6362B19A9F3D900ABD0BA /* AppDelegate.swift in Sources */ = {isa = PBXBuildFile; fileRef = 5BF6362A19A9F3D900ABD0BA /* AppDelegate.swift */; };
		5BF6362D19A9F3D900ABD0BA /* ViewController.swift in Sources */ = {isa = PBXBuildFile; fileRef = 5BF6362C19A9F3D900ABD0BA /* ViewController.swift */; };
		5BF6363019A9F3D900ABD0BA /* Main.storyboard in Resources */ = {isa = PBXBuildFile; fileRef = 5BF6362E19A9F3D900ABD0BA /* Main.storyboard */; };
		5BF6363219A9F3D900ABD0BA /* Images.xcassets in Resources */ = {isa = PBXBuildFile; fileRef = 5BF6363119A9F3D900ABD0BA /* Images.xcassets */; };
		5BF6363E19A9F3D900ABD0BA /* ChatTests.swift in Sources */ = {isa = PBXBuildFile; fileRef = 5BF6363D19A9F3D900ABD0BA /* ChatTests.swift */; };
		5BF6364C19A9FCE500ABD0BA /* LoginViewController.swift in Sources */ = {isa = PBXBuildFile; fileRef = 5BF6364B19A9FCE500ABD0BA /* LoginViewController.swift */; };
		5BF6364E19AA143A00ABD0BA /* ChatViewController.swift in Sources */ = {isa = PBXBuildFile; fileRef = 5BF6364D19AA143A00ABD0BA /* ChatViewController.swift */; };
		71D6F1301AEB9B3500151295 /* SQLite.framework in Frameworks */ = {isa = PBXBuildFile; fileRef = 71D6F1221AEB9A9600151295 /* SQLite.framework */; };
		71D6F1311AEB9B5400151295 /* SQLite.framework in Copy Frameworks */ = {isa = PBXBuildFile; fileRef = 71D6F1221AEB9A9600151295 /* SQLite.framework */; settings = {ATTRIBUTES = (CodeSignOnCopy, RemoveHeadersOnCopy, ); }; };
		71D6F1331AEBA4F700151295 /* libsqlite3.dylib in Frameworks */ = {isa = PBXBuildFile; fileRef = 71D6F1321AEBA4F700151295 /* libsqlite3.dylib */; };
		71FF075C1AEA8C0A00CE7603 /* Alamofire.framework in Copy Frameworks */ = {isa = PBXBuildFile; fileRef = 71FF07521AEA8AB300CE7603 /* Alamofire.framework */; settings = {ATTRIBUTES = (CodeSignOnCopy, RemoveHeadersOnCopy, ); }; };
		71FF077D1AEA8FDA00CE7603 /* SwiftyJSON.framework in Copy Frameworks */ = {isa = PBXBuildFile; fileRef = 71FF07741AEA8F6500CE7603 /* SwiftyJSON.framework */; settings = {ATTRIBUTES = (CodeSignOnCopy, RemoveHeadersOnCopy, ); }; };
		71FF07911AEA952500CE7603 /* SocketAckManager.swift in Sources */ = {isa = PBXBuildFile; fileRef = 71FF07841AEA952500CE7603 /* SocketAckManager.swift */; };
		71FF07921AEA952500CE7603 /* SocketAnyEvent.swift in Sources */ = {isa = PBXBuildFile; fileRef = 71FF07851AEA952500CE7603 /* SocketAnyEvent.swift */; };
		71FF07931AEA952500CE7603 /* SocketEngine.swift in Sources */ = {isa = PBXBuildFile; fileRef = 71FF07861AEA952500CE7603 /* SocketEngine.swift */; };
		71FF07941AEA952500CE7603 /* SocketEngineClient.swift in Sources */ = {isa = PBXBuildFile; fileRef = 71FF07871AEA952500CE7603 /* SocketEngineClient.swift */; };
		71FF07951AEA952500CE7603 /* SocketEventHandler.swift in Sources */ = {isa = PBXBuildFile; fileRef = 71FF07881AEA952500CE7603 /* SocketEventHandler.swift */; };
		71FF07961AEA952500CE7603 /* SocketFixUTF8.swift in Sources */ = {isa = PBXBuildFile; fileRef = 71FF07891AEA952500CE7603 /* SocketFixUTF8.swift */; };
		71FF07971AEA952500CE7603 /* SocketIOClient.swift in Sources */ = {isa = PBXBuildFile; fileRef = 71FF078A1AEA952500CE7603 /* SocketIOClient.swift */; };
		71FF07981AEA952500CE7603 /* SocketLogger.swift in Sources */ = {isa = PBXBuildFile; fileRef = 71FF078B1AEA952500CE7603 /* SocketLogger.swift */; };
		71FF07991AEA952500CE7603 /* SocketPacket.swift in Sources */ = {isa = PBXBuildFile; fileRef = 71FF078C1AEA952500CE7603 /* SocketPacket.swift */; };
		71FF079A1AEA952500CE7603 /* SocketParser.swift in Sources */ = {isa = PBXBuildFile; fileRef = 71FF078D1AEA952500CE7603 /* SocketParser.swift */; };
		71FF079B1AEA952500CE7603 /* SocketTypes.swift in Sources */ = {isa = PBXBuildFile; fileRef = 71FF078E1AEA952500CE7603 /* SocketTypes.swift */; };
		71FF079C1AEA952500CE7603 /* SwiftRegex.swift in Sources */ = {isa = PBXBuildFile; fileRef = 71FF078F1AEA952500CE7603 /* SwiftRegex.swift */; };
		71FF079D1AEA952500CE7603 /* WebSocket.swift in Sources */ = {isa = PBXBuildFile; fileRef = 71FF07901AEA952500CE7603 /* WebSocket.swift */; };
/* End PBXBuildFile section */

/* Begin PBXContainerItemProxy section */
		5BF6363819A9F3D900ABD0BA /* PBXContainerItemProxy */ = {
			isa = PBXContainerItemProxy;
			containerPortal = 5BF6361D19A9F3D900ABD0BA /* Project object */;
			proxyType = 1;
			remoteGlobalIDString = 5BF6362419A9F3D900ABD0BA;
			remoteInfo = Chat;
		};
		71D6F1211AEB9A9600151295 /* PBXContainerItemProxy */ = {
			isa = PBXContainerItemProxy;
			containerPortal = 71D6F1151AEB9A9600151295 /* SQLite.xcodeproj */;
			proxyType = 2;
			remoteGlobalIDString = DC3773F319C8CBB3004FCF85;
			remoteInfo = SQLite;
		};
		71D6F1231AEB9A9600151295 /* PBXContainerItemProxy */ = {
			isa = PBXContainerItemProxy;
			containerPortal = 71D6F1151AEB9A9600151295 /* SQLite.xcodeproj */;
			proxyType = 2;
			remoteGlobalIDString = DC3773FE19C8CBB3004FCF85;
			remoteInfo = "SQLite Tests";
		};
		71D6F1251AEB9A9600151295 /* PBXContainerItemProxy */ = {
			isa = PBXContainerItemProxy;
			containerPortal = 71D6F1151AEB9A9600151295 /* SQLite.xcodeproj */;
			proxyType = 2;
			remoteGlobalIDString = DCC6B3801A9191C300734B78;
			remoteInfo = SQLiteCipher;
		};
		71D6F1271AEB9A9600151295 /* PBXContainerItemProxy */ = {
			isa = PBXContainerItemProxy;
			containerPortal = 71D6F1151AEB9A9600151295 /* SQLite.xcodeproj */;
			proxyType = 2;
			remoteGlobalIDString = DCC6B3921A9191D100734B78;
			remoteInfo = "SQLiteCipher Tests";
		};
		71D6F1291AEB9A9600151295 /* PBXContainerItemProxy */ = {
			isa = PBXContainerItemProxy;
			containerPortal = 71D6F1151AEB9A9600151295 /* SQLite.xcodeproj */;
			proxyType = 2;
			remoteGlobalIDString = DCAE4D151ABE0B3300EFCE7A;
			remoteInfo = sqlite3;
		};
		71D6F12E1AEB9AFF00151295 /* PBXContainerItemProxy */ = {
			isa = PBXContainerItemProxy;
			containerPortal = 71D6F1151AEB9A9600151295 /* SQLite.xcodeproj */;
			proxyType = 1;
			remoteGlobalIDString = DC3773F219C8CBB3004FCF85;
			remoteInfo = SQLite;
		};
		71FF07511AEA8AB300CE7603 /* PBXContainerItemProxy */ = {
			isa = PBXContainerItemProxy;
			containerPortal = 71FF074A1AEA8AB300CE7603 /* Alamofire.xcodeproj */;
			proxyType = 2;
			remoteGlobalIDString = F8111E3319A95C8B0040E7D1;
			remoteInfo = "Alamofire iOS";
		};
		71FF07531AEA8AB300CE7603 /* PBXContainerItemProxy */ = {
			isa = PBXContainerItemProxy;
			containerPortal = 71FF074A1AEA8AB300CE7603 /* Alamofire.xcodeproj */;
			proxyType = 2;
			remoteGlobalIDString = 4DD67C0B1A5C55C900ED2280;
			remoteInfo = "Alamofire OSX";
		};
		71FF07551AEA8AB300CE7603 /* PBXContainerItemProxy */ = {
			isa = PBXContainerItemProxy;
			containerPortal = 71FF074A1AEA8AB300CE7603 /* Alamofire.xcodeproj */;
			proxyType = 2;
			remoteGlobalIDString = F8111E3E19A95C8B0040E7D1;
			remoteInfo = "Alamofire iOS Tests";
		};
		71FF07571AEA8AB300CE7603 /* PBXContainerItemProxy */ = {
			isa = PBXContainerItemProxy;
			containerPortal = 71FF074A1AEA8AB300CE7603 /* Alamofire.xcodeproj */;
			proxyType = 2;
			remoteGlobalIDString = F829C6B21A7A94F100A2CD59;
			remoteInfo = "Alamofire OSX Tests";
		};
		71FF07591AEA8BAF00CE7603 /* PBXContainerItemProxy */ = {
			isa = PBXContainerItemProxy;
			containerPortal = 71FF074A1AEA8AB300CE7603 /* Alamofire.xcodeproj */;
			proxyType = 1;
			remoteGlobalIDString = F8111E3219A95C8B0040E7D1;
			remoteInfo = "Alamofire iOS";
		};
		71FF07731AEA8F6500CE7603 /* PBXContainerItemProxy */ = {
			isa = PBXContainerItemProxy;
			containerPortal = 71FF076C1AEA8F6500CE7603 /* SwiftyJSON.xcodeproj */;
			proxyType = 2;
			remoteGlobalIDString = 2E4FEFDB19575BE100351305;
			remoteInfo = "SwiftyJSON iOS";
		};
		71FF07751AEA8F6500CE7603 /* PBXContainerItemProxy */ = {
			isa = PBXContainerItemProxy;
			containerPortal = 71FF076C1AEA8F6500CE7603 /* SwiftyJSON.xcodeproj */;
			proxyType = 2;
			remoteGlobalIDString = 2E4FEFE619575BE100351305;
			remoteInfo = "SwiftyJSON iOS Tests";
		};
		71FF07771AEA8F6500CE7603 /* PBXContainerItemProxy */ = {
			isa = PBXContainerItemProxy;
			containerPortal = 71FF076C1AEA8F6500CE7603 /* SwiftyJSON.xcodeproj */;
			proxyType = 2;
			remoteGlobalIDString = 9C7DFC5B1A9102BD005AA3F7;
			remoteInfo = "SwiftyJSON OSX";
		};
		71FF07791AEA8F6500CE7603 /* PBXContainerItemProxy */ = {
			isa = PBXContainerItemProxy;
			containerPortal = 71FF076C1AEA8F6500CE7603 /* SwiftyJSON.xcodeproj */;
			proxyType = 2;
			remoteGlobalIDString = 9C7DFC651A9102BD005AA3F7;
			remoteInfo = "SwiftyJSON OSX Tests";
		};
		71FF077B1AEA8FCC00CE7603 /* PBXContainerItemProxy */ = {
			isa = PBXContainerItemProxy;
			containerPortal = 71FF076C1AEA8F6500CE7603 /* SwiftyJSON.xcodeproj */;
			proxyType = 1;
			remoteGlobalIDString = 2E4FEFDA19575BE100351305;
			remoteInfo = "SwiftyJSON iOS";
		};
/* End PBXContainerItemProxy section */

/* Begin PBXCopyFilesBuildPhase section */
		71AC228F1AE7F00500171AD2 /* Copy Frameworks */ = {
			isa = PBXCopyFilesBuildPhase;
			buildActionMask = 2147483647;
			dstPath = "";
			dstSubfolderSpec = 10;
			files = (
				71D6F1311AEB9B5400151295 /* SQLite.framework in Copy Frameworks */,
				71FF077D1AEA8FDA00CE7603 /* SwiftyJSON.framework in Copy Frameworks */,
				71FF075C1AEA8C0A00CE7603 /* Alamofire.framework in Copy Frameworks */,
			);
			name = "Copy Frameworks";
			runOnlyForDeploymentPostprocessing = 0;
		};
/* End PBXCopyFilesBuildPhase section */

/* Begin PBXFileReference section */
		5B01667919AC2B730059918D /* NotesViewController.swift */ = {isa = PBXFileReference; fileEncoding = 4; lastKnownFileType = sourcecode.swift; path = NotesViewController.swift; sourceTree = "<group>"; };
		5B75921519AC313C005E2745 /* ProjectsViewController.swift */ = {isa = PBXFileReference; fileEncoding = 4; lastKnownFileType = sourcecode.swift; path = ProjectsViewController.swift; sourceTree = "<group>"; };
		5B94183F19B8D296006A9EAD /* MoreTableViewController.swift */ = {isa = PBXFileReference; fileEncoding = 4; lastKnownFileType = sourcecode.swift; path = MoreTableViewController.swift; sourceTree = "<group>"; };
		5B990C9A19ACD59B00F9278A /* ChatComposeViewController.swift */ = {isa = PBXFileReference; fileEncoding = 4; lastKnownFileType = sourcecode.swift; path = ChatComposeViewController.swift; sourceTree = "<group>"; };
		5B990C9C19ACE5AF00F9278A /* ChatDetailViewController.swift */ = {isa = PBXFileReference; fileEncoding = 4; lastKnownFileType = sourcecode.swift; path = ChatDetailViewController.swift; sourceTree = "<group>"; };
		5BF6362519A9F3D900ABD0BA /* Chat.app */ = {isa = PBXFileReference; explicitFileType = wrapper.application; includeInIndex = 0; path = Chat.app; sourceTree = BUILT_PRODUCTS_DIR; };
		5BF6362919A9F3D900ABD0BA /* Info.plist */ = {isa = PBXFileReference; lastKnownFileType = text.plist.xml; path = Info.plist; sourceTree = "<group>"; };
		5BF6362A19A9F3D900ABD0BA /* AppDelegate.swift */ = {isa = PBXFileReference; lastKnownFileType = sourcecode.swift; path = AppDelegate.swift; sourceTree = "<group>"; };
		5BF6362C19A9F3D900ABD0BA /* ViewController.swift */ = {isa = PBXFileReference; lastKnownFileType = sourcecode.swift; path = ViewController.swift; sourceTree = "<group>"; };
		5BF6362F19A9F3D900ABD0BA /* Base */ = {isa = PBXFileReference; lastKnownFileType = file.storyboard; name = Base; path = Base.lproj/Main.storyboard; sourceTree = "<group>"; };
		5BF6363119A9F3D900ABD0BA /* Images.xcassets */ = {isa = PBXFileReference; lastKnownFileType = folder.assetcatalog; path = Images.xcassets; sourceTree = "<group>"; };
		5BF6363719A9F3D900ABD0BA /* ChatTests.xctest */ = {isa = PBXFileReference; explicitFileType = wrapper.cfbundle; includeInIndex = 0; path = ChatTests.xctest; sourceTree = BUILT_PRODUCTS_DIR; };
		5BF6363C19A9F3D900ABD0BA /* Info.plist */ = {isa = PBXFileReference; lastKnownFileType = text.plist.xml; path = Info.plist; sourceTree = "<group>"; };
		5BF6363D19A9F3D900ABD0BA /* ChatTests.swift */ = {isa = PBXFileReference; lastKnownFileType = sourcecode.swift; path = ChatTests.swift; sourceTree = "<group>"; };
		5BF6364B19A9FCE500ABD0BA /* LoginViewController.swift */ = {isa = PBXFileReference; fileEncoding = 4; lastKnownFileType = sourcecode.swift; path = LoginViewController.swift; sourceTree = "<group>"; };
		5BF6364D19AA143A00ABD0BA /* ChatViewController.swift */ = {isa = PBXFileReference; fileEncoding = 4; lastKnownFileType = sourcecode.swift; path = ChatViewController.swift; sourceTree = "<group>"; };
		71D6F1151AEB9A9600151295 /* SQLite.xcodeproj */ = {isa = PBXFileReference; lastKnownFileType = "wrapper.pb-project"; name = SQLite.xcodeproj; path = "../../../../Downloads/SQLite.swift-master/SQLite.xcodeproj"; sourceTree = "<group>"; };
		71D6F1321AEBA4F700151295 /* libsqlite3.dylib */ = {isa = PBXFileReference; lastKnownFileType = "compiled.mach-o.dylib"; name = libsqlite3.dylib; path = usr/lib/libsqlite3.dylib; sourceTree = SDKROOT; };
		71D6F1341AEBA56B00151295 /* Bridging-Header.h */ = {isa = PBXFileReference; fileEncoding = 4; lastKnownFileType = sourcecode.c.h; path = "Bridging-Header.h"; sourceTree = "<group>"; };
		71FF074A1AEA8AB300CE7603 /* Alamofire.xcodeproj */ = {isa = PBXFileReference; lastKnownFileType = "wrapper.pb-project"; name = Alamofire.xcodeproj; path = Alamofire/Alamofire.xcodeproj; sourceTree = "<group>"; };
		71FF076C1AEA8F6500CE7603 /* SwiftyJSON.xcodeproj */ = {isa = PBXFileReference; lastKnownFileType = "wrapper.pb-project"; name = SwiftyJSON.xcodeproj; path = Alamofire/../SwiftyJSON/SwiftyJSON.xcodeproj; sourceTree = "<group>"; };
		71FF07841AEA952500CE7603 /* SocketAckManager.swift */ = {isa = PBXFileReference; fileEncoding = 4; lastKnownFileType = sourcecode.swift; name = SocketAckManager.swift; path = "Socket.IO-Client-Swift/SocketIOClientSwift/SocketAckManager.swift"; sourceTree = "<group>"; };
		71FF07851AEA952500CE7603 /* SocketAnyEvent.swift */ = {isa = PBXFileReference; fileEncoding = 4; lastKnownFileType = sourcecode.swift; name = SocketAnyEvent.swift; path = "Socket.IO-Client-Swift/SocketIOClientSwift/SocketAnyEvent.swift"; sourceTree = "<group>"; };
		71FF07861AEA952500CE7603 /* SocketEngine.swift */ = {isa = PBXFileReference; fileEncoding = 4; lastKnownFileType = sourcecode.swift; name = SocketEngine.swift; path = "Socket.IO-Client-Swift/SocketIOClientSwift/SocketEngine.swift"; sourceTree = "<group>"; };
		71FF07871AEA952500CE7603 /* SocketEngineClient.swift */ = {isa = PBXFileReference; fileEncoding = 4; lastKnownFileType = sourcecode.swift; name = SocketEngineClient.swift; path = "Socket.IO-Client-Swift/SocketIOClientSwift/SocketEngineClient.swift"; sourceTree = "<group>"; };
		71FF07881AEA952500CE7603 /* SocketEventHandler.swift */ = {isa = PBXFileReference; fileEncoding = 4; lastKnownFileType = sourcecode.swift; name = SocketEventHandler.swift; path = "Socket.IO-Client-Swift/SocketIOClientSwift/SocketEventHandler.swift"; sourceTree = "<group>"; };
		71FF07891AEA952500CE7603 /* SocketFixUTF8.swift */ = {isa = PBXFileReference; fileEncoding = 4; lastKnownFileType = sourcecode.swift; name = SocketFixUTF8.swift; path = "Socket.IO-Client-Swift/SocketIOClientSwift/SocketFixUTF8.swift"; sourceTree = "<group>"; };
		71FF078A1AEA952500CE7603 /* SocketIOClient.swift */ = {isa = PBXFileReference; fileEncoding = 4; lastKnownFileType = sourcecode.swift; name = SocketIOClient.swift; path = "Socket.IO-Client-Swift/SocketIOClientSwift/SocketIOClient.swift"; sourceTree = "<group>"; };
		71FF078B1AEA952500CE7603 /* SocketLogger.swift */ = {isa = PBXFileReference; fileEncoding = 4; lastKnownFileType = sourcecode.swift; name = SocketLogger.swift; path = "Socket.IO-Client-Swift/SocketIOClientSwift/SocketLogger.swift"; sourceTree = "<group>"; };
		71FF078C1AEA952500CE7603 /* SocketPacket.swift */ = {isa = PBXFileReference; fileEncoding = 4; lastKnownFileType = sourcecode.swift; name = SocketPacket.swift; path = "Socket.IO-Client-Swift/SocketIOClientSwift/SocketPacket.swift"; sourceTree = "<group>"; };
		71FF078D1AEA952500CE7603 /* SocketParser.swift */ = {isa = PBXFileReference; fileEncoding = 4; lastKnownFileType = sourcecode.swift; name = SocketParser.swift; path = "Socket.IO-Client-Swift/SocketIOClientSwift/SocketParser.swift"; sourceTree = "<group>"; };
		71FF078E1AEA952500CE7603 /* SocketTypes.swift */ = {isa = PBXFileReference; fileEncoding = 4; lastKnownFileType = sourcecode.swift; name = SocketTypes.swift; path = "Socket.IO-Client-Swift/SocketIOClientSwift/SocketTypes.swift"; sourceTree = "<group>"; };
		71FF078F1AEA952500CE7603 /* SwiftRegex.swift */ = {isa = PBXFileReference; fileEncoding = 4; lastKnownFileType = sourcecode.swift; name = SwiftRegex.swift; path = "Socket.IO-Client-Swift/SocketIOClientSwift/SwiftRegex.swift"; sourceTree = "<group>"; };
		71FF07901AEA952500CE7603 /* WebSocket.swift */ = {isa = PBXFileReference; fileEncoding = 4; lastKnownFileType = sourcecode.swift; name = WebSocket.swift; path = "Socket.IO-Client-Swift/SocketIOClientSwift/WebSocket.swift"; sourceTree = "<group>"; };
/* End PBXFileReference section */

/* Begin PBXFrameworksBuildPhase section */
		5BF6362219A9F3D900ABD0BA /* Frameworks */ = {
			isa = PBXFrameworksBuildPhase;
			buildActionMask = 2147483647;
			files = (
				71D6F1331AEBA4F700151295 /* libsqlite3.dylib in Frameworks */,
				71D6F1301AEB9B3500151295 /* SQLite.framework in Frameworks */,
			);
			runOnlyForDeploymentPostprocessing = 0;
		};
		5BF6363419A9F3D900ABD0BA /* Frameworks */ = {
			isa = PBXFrameworksBuildPhase;
			buildActionMask = 2147483647;
			files = (
			);
			runOnlyForDeploymentPostprocessing = 0;
		};
/* End PBXFrameworksBuildPhase section */

/* Begin PBXGroup section */
		5BF6361C19A9F3D900ABD0BA = {
			isa = PBXGroup;
			children = (
				71D6F1341AEBA56B00151295 /* Bridging-Header.h */,
				71D6F1321AEBA4F700151295 /* libsqlite3.dylib */,
				71FF07831AEA950B00CE7603 /* SocketIOClient */,
				5BF6362719A9F3D900ABD0BA /* Chat */,
				5BF6363A19A9F3D900ABD0BA /* ChatTests */,
				5BF6362619A9F3D900ABD0BA /* Products */,
				71D6F1151AEB9A9600151295 /* SQLite.xcodeproj */,
				71FF076C1AEA8F6500CE7603 /* SwiftyJSON.xcodeproj */,
				71FF074A1AEA8AB300CE7603 /* Alamofire.xcodeproj */,
			);
			sourceTree = "<group>";
		};
		5BF6362619A9F3D900ABD0BA /* Products */ = {
			isa = PBXGroup;
			children = (
				5BF6362519A9F3D900ABD0BA /* Chat.app */,
				5BF6363719A9F3D900ABD0BA /* ChatTests.xctest */,
			);
			name = Products;
			sourceTree = "<group>";
		};
		5BF6362719A9F3D900ABD0BA /* Chat */ = {
			isa = PBXGroup;
			children = (
				5BF6362A19A9F3D900ABD0BA /* AppDelegate.swift */,
				5BF6362C19A9F3D900ABD0BA /* ViewController.swift */,
				5BF6364B19A9FCE500ABD0BA /* LoginViewController.swift */,
				5BF6364D19AA143A00ABD0BA /* ChatViewController.swift */,
				5B990C9C19ACE5AF00F9278A /* ChatDetailViewController.swift */,
				5B01667919AC2B730059918D /* NotesViewController.swift */,
				5B75921519AC313C005E2745 /* ProjectsViewController.swift */,
				5B990C9A19ACD59B00F9278A /* ChatComposeViewController.swift */,
				5B94183F19B8D296006A9EAD /* MoreTableViewController.swift */,
				5BF6362E19A9F3D900ABD0BA /* Main.storyboard */,
				5BF6363119A9F3D900ABD0BA /* Images.xcassets */,
				5BF6362819A9F3D900ABD0BA /* Supporting Files */,
			);
			path = Chat;
			sourceTree = "<group>";
		};
		5BF6362819A9F3D900ABD0BA /* Supporting Files */ = {
			isa = PBXGroup;
			children = (
				5BF6362919A9F3D900ABD0BA /* Info.plist */,
			);
			name = "Supporting Files";
			sourceTree = "<group>";
		};
		5BF6363A19A9F3D900ABD0BA /* ChatTests */ = {
			isa = PBXGroup;
			children = (
				5BF6363D19A9F3D900ABD0BA /* ChatTests.swift */,
				5BF6363B19A9F3D900ABD0BA /* Supporting Files */,
			);
			path = ChatTests;
			sourceTree = "<group>";
		};
		5BF6363B19A9F3D900ABD0BA /* Supporting Files */ = {
			isa = PBXGroup;
			children = (
				5BF6363C19A9F3D900ABD0BA /* Info.plist */,
			);
			name = "Supporting Files";
			sourceTree = "<group>";
		};
		71D6F1161AEB9A9600151295 /* Products */ = {
			isa = PBXGroup;
			children = (
				71D6F1221AEB9A9600151295 /* SQLite.framework */,
				71D6F1241AEB9A9600151295 /* SQLite Tests.xctest */,
				71D6F1261AEB9A9600151295 /* SQLite.framework */,
				71D6F1281AEB9A9600151295 /* SQLiteCipher Tests.xctest */,
				71D6F12A1AEB9A9600151295 /* sqlite3.framework */,
			);
			name = Products;
			sourceTree = "<group>";
		};
		71FF074B1AEA8AB300CE7603 /* Products */ = {
			isa = PBXGroup;
			children = (
				71FF07521AEA8AB300CE7603 /* Alamofire.framework */,
				71FF07541AEA8AB300CE7603 /* Alamofire.framework */,
				71FF07561AEA8AB300CE7603 /* Alamofire iOS Tests.xctest */,
				71FF07581AEA8AB300CE7603 /* Alamofire OSX Tests.xctest */,
			);
			name = Products;
			sourceTree = "<group>";
		};
		71FF076D1AEA8F6500CE7603 /* Products */ = {
			isa = PBXGroup;
			children = (
				71FF07741AEA8F6500CE7603 /* SwiftyJSON.framework */,
				71FF07761AEA8F6500CE7603 /* SwiftyJSON iOS Tests.xctest */,
				71FF07781AEA8F6500CE7603 /* SwiftyJSON.framework */,
				71FF077A1AEA8F6500CE7603 /* SwiftyJSON OSX Tests.xctest */,
			);
			name = Products;
			sourceTree = "<group>";
		};
		71FF07831AEA950B00CE7603 /* SocketIOClient */ = {
			isa = PBXGroup;
			children = (
				71FF07841AEA952500CE7603 /* SocketAckManager.swift */,
				71FF07851AEA952500CE7603 /* SocketAnyEvent.swift */,
				71FF07861AEA952500CE7603 /* SocketEngine.swift */,
				71FF07871AEA952500CE7603 /* SocketEngineClient.swift */,
				71FF07881AEA952500CE7603 /* SocketEventHandler.swift */,
				71FF07891AEA952500CE7603 /* SocketFixUTF8.swift */,
				71FF078A1AEA952500CE7603 /* SocketIOClient.swift */,
				71FF078B1AEA952500CE7603 /* SocketLogger.swift */,
				71FF078C1AEA952500CE7603 /* SocketPacket.swift */,
				71FF078D1AEA952500CE7603 /* SocketParser.swift */,
				71FF078E1AEA952500CE7603 /* SocketTypes.swift */,
				71FF078F1AEA952500CE7603 /* SwiftRegex.swift */,
				71FF07901AEA952500CE7603 /* WebSocket.swift */,
			);
			name = SocketIOClient;
			sourceTree = "<group>";
		};
/* End PBXGroup section */

/* Begin PBXNativeTarget section */
		5BF6362419A9F3D900ABD0BA /* Chat */ = {
			isa = PBXNativeTarget;
			buildConfigurationList = 5BF6364119A9F3D900ABD0BA /* Build configuration list for PBXNativeTarget "Chat" */;
			buildPhases = (
				5BF6362119A9F3D900ABD0BA /* Sources */,
				5BF6362219A9F3D900ABD0BA /* Frameworks */,
				5BF6362319A9F3D900ABD0BA /* Resources */,
				71AC228F1AE7F00500171AD2 /* Copy Frameworks */,
			);
			buildRules = (
			);
			dependencies = (
				71D6F12F1AEB9AFF00151295 /* PBXTargetDependency */,
				71FF077C1AEA8FCC00CE7603 /* PBXTargetDependency */,
				71FF075A1AEA8BAF00CE7603 /* PBXTargetDependency */,
			);
			name = Chat;
			productName = Chat;
			productReference = 5BF6362519A9F3D900ABD0BA /* Chat.app */;
			productType = "com.apple.product-type.application";
		};
		5BF6363619A9F3D900ABD0BA /* ChatTests */ = {
			isa = PBXNativeTarget;
			buildConfigurationList = 5BF6364419A9F3D900ABD0BA /* Build configuration list for PBXNativeTarget "ChatTests" */;
			buildPhases = (
				5BF6363319A9F3D900ABD0BA /* Sources */,
				5BF6363419A9F3D900ABD0BA /* Frameworks */,
				5BF6363519A9F3D900ABD0BA /* Resources */,
			);
			buildRules = (
			);
			dependencies = (
				5BF6363919A9F3D900ABD0BA /* PBXTargetDependency */,
			);
			name = ChatTests;
			productName = ChatTests;
			productReference = 5BF6363719A9F3D900ABD0BA /* ChatTests.xctest */;
			productType = "com.apple.product-type.bundle.unit-test";
		};
/* End PBXNativeTarget section */

/* Begin PBXProject section */
		5BF6361D19A9F3D900ABD0BA /* Project object */ = {
			isa = PBXProject;
			attributes = {
				LastUpgradeCheck = 0600;
				ORGANIZATIONNAME = MyAppTemplates;
				TargetAttributes = {
					5BF6362419A9F3D900ABD0BA = {
						CreatedOnToolsVersion = 6.0;
					};
					5BF6363619A9F3D900ABD0BA = {
						CreatedOnToolsVersion = 6.0;
						TestTargetID = 5BF6362419A9F3D900ABD0BA;
					};
				};
			};
			buildConfigurationList = 5BF6362019A9F3D900ABD0BA /* Build configuration list for PBXProject "Chat" */;
			compatibilityVersion = "Xcode 3.2";
			developmentRegion = English;
			hasScannedForEncodings = 0;
			knownRegions = (
				en,
				Base,
			);
			mainGroup = 5BF6361C19A9F3D900ABD0BA;
			productRefGroup = 5BF6362619A9F3D900ABD0BA /* Products */;
			projectDirPath = "";
			projectReferences = (
				{
					ProductGroup = 71FF074B1AEA8AB300CE7603 /* Products */;
					ProjectRef = 71FF074A1AEA8AB300CE7603 /* Alamofire.xcodeproj */;
				},
				{
					ProductGroup = 71D6F1161AEB9A9600151295 /* Products */;
					ProjectRef = 71D6F1151AEB9A9600151295 /* SQLite.xcodeproj */;
				},
				{
					ProductGroup = 71FF076D1AEA8F6500CE7603 /* Products */;
					ProjectRef = 71FF076C1AEA8F6500CE7603 /* SwiftyJSON.xcodeproj */;
				},
			);
			projectRoot = "";
			targets = (
				5BF6362419A9F3D900ABD0BA /* Chat */,
				5BF6363619A9F3D900ABD0BA /* ChatTests */,
			);
		};
/* End PBXProject section */

/* Begin PBXReferenceProxy section */
		71D6F1221AEB9A9600151295 /* SQLite.framework */ = {
			isa = PBXReferenceProxy;
			fileType = wrapper.framework;
			path = SQLite.framework;
			remoteRef = 71D6F1211AEB9A9600151295 /* PBXContainerItemProxy */;
			sourceTree = BUILT_PRODUCTS_DIR;
		};
		71D6F1241AEB9A9600151295 /* SQLite Tests.xctest */ = {
			isa = PBXReferenceProxy;
			fileType = wrapper.cfbundle;
			path = "SQLite Tests.xctest";
			remoteRef = 71D6F1231AEB9A9600151295 /* PBXContainerItemProxy */;
			sourceTree = BUILT_PRODUCTS_DIR;
		};
		71D6F1261AEB9A9600151295 /* SQLite.framework */ = {
			isa = PBXReferenceProxy;
			fileType = wrapper.framework;
			path = SQLite.framework;
			remoteRef = 71D6F1251AEB9A9600151295 /* PBXContainerItemProxy */;
			sourceTree = BUILT_PRODUCTS_DIR;
		};
		71D6F1281AEB9A9600151295 /* SQLiteCipher Tests.xctest */ = {
			isa = PBXReferenceProxy;
			fileType = wrapper.cfbundle;
			path = "SQLiteCipher Tests.xctest";
			remoteRef = 71D6F1271AEB9A9600151295 /* PBXContainerItemProxy */;
			sourceTree = BUILT_PRODUCTS_DIR;
		};
		71D6F12A1AEB9A9600151295 /* sqlite3.framework */ = {
			isa = PBXReferenceProxy;
			fileType = wrapper.framework;
			path = sqlite3.framework;
			remoteRef = 71D6F1291AEB9A9600151295 /* PBXContainerItemProxy */;
			sourceTree = BUILT_PRODUCTS_DIR;
		};
		71FF07521AEA8AB300CE7603 /* Alamofire.framework */ = {
			isa = PBXReferenceProxy;
			fileType = wrapper.framework;
			path = Alamofire.framework;
			remoteRef = 71FF07511AEA8AB300CE7603 /* PBXContainerItemProxy */;
			sourceTree = BUILT_PRODUCTS_DIR;
		};
		71FF07541AEA8AB300CE7603 /* Alamofire.framework */ = {
			isa = PBXReferenceProxy;
			fileType = wrapper.framework;
			path = Alamofire.framework;
			remoteRef = 71FF07531AEA8AB300CE7603 /* PBXContainerItemProxy */;
			sourceTree = BUILT_PRODUCTS_DIR;
		};
		71FF07561AEA8AB300CE7603 /* Alamofire iOS Tests.xctest */ = {
			isa = PBXReferenceProxy;
			fileType = wrapper.cfbundle;
			path = "Alamofire iOS Tests.xctest";
			remoteRef = 71FF07551AEA8AB300CE7603 /* PBXContainerItemProxy */;
			sourceTree = BUILT_PRODUCTS_DIR;
		};
		71FF07581AEA8AB300CE7603 /* Alamofire OSX Tests.xctest */ = {
			isa = PBXReferenceProxy;
			fileType = wrapper.cfbundle;
			path = "Alamofire OSX Tests.xctest";
			remoteRef = 71FF07571AEA8AB300CE7603 /* PBXContainerItemProxy */;
			sourceTree = BUILT_PRODUCTS_DIR;
		};
		71FF07741AEA8F6500CE7603 /* SwiftyJSON.framework */ = {
			isa = PBXReferenceProxy;
			fileType = wrapper.framework;
			path = SwiftyJSON.framework;
			remoteRef = 71FF07731AEA8F6500CE7603 /* PBXContainerItemProxy */;
			sourceTree = BUILT_PRODUCTS_DIR;
		};
		71FF07761AEA8F6500CE7603 /* SwiftyJSON iOS Tests.xctest */ = {
			isa = PBXReferenceProxy;
			fileType = wrapper.cfbundle;
			path = "SwiftyJSON iOS Tests.xctest";
			remoteRef = 71FF07751AEA8F6500CE7603 /* PBXContainerItemProxy */;
			sourceTree = BUILT_PRODUCTS_DIR;
		};
		71FF07781AEA8F6500CE7603 /* SwiftyJSON.framework */ = {
			isa = PBXReferenceProxy;
			fileType = wrapper.framework;
			path = SwiftyJSON.framework;
			remoteRef = 71FF07771AEA8F6500CE7603 /* PBXContainerItemProxy */;
			sourceTree = BUILT_PRODUCTS_DIR;
		};
		71FF077A1AEA8F6500CE7603 /* SwiftyJSON OSX Tests.xctest */ = {
			isa = PBXReferenceProxy;
			fileType = wrapper.cfbundle;
			path = "SwiftyJSON OSX Tests.xctest";
			remoteRef = 71FF07791AEA8F6500CE7603 /* PBXContainerItemProxy */;
			sourceTree = BUILT_PRODUCTS_DIR;
		};
/* End PBXReferenceProxy section */

/* Begin PBXResourcesBuildPhase section */
		5BF6362319A9F3D900ABD0BA /* Resources */ = {
			isa = PBXResourcesBuildPhase;
			buildActionMask = 2147483647;
			files = (
				5BF6363019A9F3D900ABD0BA /* Main.storyboard in Resources */,
				5BF6363219A9F3D900ABD0BA /* Images.xcassets in Resources */,
			);
			runOnlyForDeploymentPostprocessing = 0;
		};
		5BF6363519A9F3D900ABD0BA /* Resources */ = {
			isa = PBXResourcesBuildPhase;
			buildActionMask = 2147483647;
			files = (
			);
			runOnlyForDeploymentPostprocessing = 0;
		};
/* End PBXResourcesBuildPhase section */

/* Begin PBXSourcesBuildPhase section */
		5BF6362119A9F3D900ABD0BA /* Sources */ = {
			isa = PBXSourcesBuildPhase;
			buildActionMask = 2147483647;
			files = (
				71FF07941AEA952500CE7603 /* SocketEngineClient.swift in Sources */,
				71FF07931AEA952500CE7603 /* SocketEngine.swift in Sources */,
				71FF079B1AEA952500CE7603 /* SocketTypes.swift in Sources */,
				71FF079D1AEA952500CE7603 /* WebSocket.swift in Sources */,
				5B75921619AC313C005E2745 /* ProjectsViewController.swift in Sources */,
				5B94184019B8D296006A9EAD /* MoreTableViewController.swift in Sources */,
				71FF07951AEA952500CE7603 /* SocketEventHandler.swift in Sources */,
				5BF6364C19A9FCE500ABD0BA /* LoginViewController.swift in Sources */,
				71FF07961AEA952500CE7603 /* SocketFixUTF8.swift in Sources */,
				5B01667A19AC2B730059918D /* NotesViewController.swift in Sources */,
				71FF07981AEA952500CE7603 /* SocketLogger.swift in Sources */,
				71FF07921AEA952500CE7603 /* SocketAnyEvent.swift in Sources */,
				71FF079A1AEA952500CE7603 /* SocketParser.swift in Sources */,
				5B990C9D19ACE5AF00F9278A /* ChatDetailViewController.swift in Sources */,
				5BF6362D19A9F3D900ABD0BA /* ViewController.swift in Sources */,
				71FF07911AEA952500CE7603 /* SocketAckManager.swift in Sources */,
				5BF6364E19AA143A00ABD0BA /* ChatViewController.swift in Sources */,
				5B990C9B19ACD59B00F9278A /* ChatComposeViewController.swift in Sources */,
				71FF079C1AEA952500CE7603 /* SwiftRegex.swift in Sources */,
				5BF6362B19A9F3D900ABD0BA /* AppDelegate.swift in Sources */,
				71FF07991AEA952500CE7603 /* SocketPacket.swift in Sources */,
				71FF07971AEA952500CE7603 /* SocketIOClient.swift in Sources */,
			);
			runOnlyForDeploymentPostprocessing = 0;
		};
		5BF6363319A9F3D900ABD0BA /* Sources */ = {
			isa = PBXSourcesBuildPhase;
			buildActionMask = 2147483647;
			files = (
				5BF6363E19A9F3D900ABD0BA /* ChatTests.swift in Sources */,
			);
			runOnlyForDeploymentPostprocessing = 0;
		};
/* End PBXSourcesBuildPhase section */

/* Begin PBXTargetDependency section */
		5BF6363919A9F3D900ABD0BA /* PBXTargetDependency */ = {
			isa = PBXTargetDependency;
			target = 5BF6362419A9F3D900ABD0BA /* Chat */;
			targetProxy = 5BF6363819A9F3D900ABD0BA /* PBXContainerItemProxy */;
		};
		71D6F12F1AEB9AFF00151295 /* PBXTargetDependency */ = {
			isa = PBXTargetDependency;
			name = SQLite;
			targetProxy = 71D6F12E1AEB9AFF00151295 /* PBXContainerItemProxy */;
		};
		71FF075A1AEA8BAF00CE7603 /* PBXTargetDependency */ = {
			isa = PBXTargetDependency;
			name = "Alamofire iOS";
			targetProxy = 71FF07591AEA8BAF00CE7603 /* PBXContainerItemProxy */;
		};
		71FF077C1AEA8FCC00CE7603 /* PBXTargetDependency */ = {
			isa = PBXTargetDependency;
			name = "SwiftyJSON iOS";
			targetProxy = 71FF077B1AEA8FCC00CE7603 /* PBXContainerItemProxy */;
		};
/* End PBXTargetDependency section */

/* Begin PBXVariantGroup section */
		5BF6362E19A9F3D900ABD0BA /* Main.storyboard */ = {
			isa = PBXVariantGroup;
			children = (
				5BF6362F19A9F3D900ABD0BA /* Base */,
			);
			name = Main.storyboard;
			sourceTree = "<group>";
		};
/* End PBXVariantGroup section */

/* Begin XCBuildConfiguration section */
		5BF6363F19A9F3D900ABD0BA /* Debug */ = {
			isa = XCBuildConfiguration;
			buildSettings = {
				ALWAYS_SEARCH_USER_PATHS = NO;
				CLANG_CXX_LANGUAGE_STANDARD = "gnu++0x";
				CLANG_CXX_LIBRARY = "libc++";
				CLANG_ENABLE_MODULES = YES;
				CLANG_ENABLE_OBJC_ARC = YES;
				CLANG_WARN_BOOL_CONVERSION = YES;
				CLANG_WARN_CONSTANT_CONVERSION = YES;
				CLANG_WARN_DIRECT_OBJC_ISA_USAGE = YES_ERROR;
				CLANG_WARN_EMPTY_BODY = YES;
				CLANG_WARN_ENUM_CONVERSION = YES;
				CLANG_WARN_INT_CONVERSION = YES;
				CLANG_WARN_OBJC_ROOT_CLASS = YES_ERROR;
				CLANG_WARN_UNREACHABLE_CODE = YES;
				CLANG_WARN__DUPLICATE_METHOD_MATCH = YES;
				"CODE_SIGN_IDENTITY[sdk=iphoneos*]" = "iPhone Developer";
				COPY_PHASE_STRIP = NO;
				ENABLE_STRICT_OBJC_MSGSEND = YES;
				GCC_C_LANGUAGE_STANDARD = gnu99;
				GCC_DYNAMIC_NO_PIC = NO;
				GCC_OPTIMIZATION_LEVEL = 0;
				GCC_PREPROCESSOR_DEFINITIONS = (
					"DEBUG=1",
					"$(inherited)",
				);
				GCC_SYMBOLS_PRIVATE_EXTERN = NO;
				GCC_WARN_64_TO_32_BIT_CONVERSION = YES;
				GCC_WARN_ABOUT_RETURN_TYPE = YES_ERROR;
				GCC_WARN_UNDECLARED_SELECTOR = YES;
				GCC_WARN_UNINITIALIZED_AUTOS = YES_AGGRESSIVE;
				GCC_WARN_UNUSED_FUNCTION = YES;
				GCC_WARN_UNUSED_VARIABLE = YES;
				IPHONEOS_DEPLOYMENT_TARGET = 8.0;
				METAL_ENABLE_DEBUG_INFO = YES;
				ONLY_ACTIVE_ARCH = YES;
				SDKROOT = iphoneos;
				SWIFT_OPTIMIZATION_LEVEL = "-Onone";
			};
			name = Debug;
		};
		5BF6364019A9F3D900ABD0BA /* Release */ = {
			isa = XCBuildConfiguration;
			buildSettings = {
				ALWAYS_SEARCH_USER_PATHS = NO;
				CLANG_CXX_LANGUAGE_STANDARD = "gnu++0x";
				CLANG_CXX_LIBRARY = "libc++";
				CLANG_ENABLE_MODULES = YES;
				CLANG_ENABLE_OBJC_ARC = YES;
				CLANG_WARN_BOOL_CONVERSION = YES;
				CLANG_WARN_CONSTANT_CONVERSION = YES;
				CLANG_WARN_DIRECT_OBJC_ISA_USAGE = YES_ERROR;
				CLANG_WARN_EMPTY_BODY = YES;
				CLANG_WARN_ENUM_CONVERSION = YES;
				CLANG_WARN_INT_CONVERSION = YES;
				CLANG_WARN_OBJC_ROOT_CLASS = YES_ERROR;
				CLANG_WARN_UNREACHABLE_CODE = YES;
				CLANG_WARN__DUPLICATE_METHOD_MATCH = YES;
				"CODE_SIGN_IDENTITY[sdk=iphoneos*]" = "iPhone Developer";
				COPY_PHASE_STRIP = YES;
				ENABLE_NS_ASSERTIONS = NO;
				ENABLE_STRICT_OBJC_MSGSEND = YES;
				GCC_C_LANGUAGE_STANDARD = gnu99;
				GCC_WARN_64_TO_32_BIT_CONVERSION = YES;
				GCC_WARN_ABOUT_RETURN_TYPE = YES_ERROR;
				GCC_WARN_UNDECLARED_SELECTOR = YES;
				GCC_WARN_UNINITIALIZED_AUTOS = YES_AGGRESSIVE;
				GCC_WARN_UNUSED_FUNCTION = YES;
				GCC_WARN_UNUSED_VARIABLE = YES;
				IPHONEOS_DEPLOYMENT_TARGET = 8.0;
				METAL_ENABLE_DEBUG_INFO = NO;
				SDKROOT = iphoneos;
				VALIDATE_PRODUCT = YES;
			};
			name = Release;
		};
		5BF6364219A9F3D900ABD0BA /* Debug */ = {
			isa = XCBuildConfiguration;
			buildSettings = {
				ASSETCATALOG_COMPILER_APPICON_NAME = AppIcon;
				ASSETCATALOG_COMPILER_LAUNCHIMAGE_NAME = LaunchImage;
				INFOPLIST_FILE = Chat/Info.plist;
				IPHONEOS_DEPLOYMENT_TARGET = 8.3;
				LD_RUNPATH_SEARCH_PATHS = "$(inherited) @executable_path/Frameworks";
				PRODUCT_NAME = "$(TARGET_NAME)";
			};
			name = Debug;
		};
		5BF6364319A9F3D900ABD0BA /* Release */ = {
			isa = XCBuildConfiguration;
			buildSettings = {
				ASSETCATALOG_COMPILER_APPICON_NAME = AppIcon;
				ASSETCATALOG_COMPILER_LAUNCHIMAGE_NAME = LaunchImage;
				INFOPLIST_FILE = Chat/Info.plist;
				IPHONEOS_DEPLOYMENT_TARGET = 8.3;
				LD_RUNPATH_SEARCH_PATHS = "$(inherited) @executable_path/Frameworks";
				PRODUCT_NAME = "$(TARGET_NAME)";
			};
			name = Release;
		};
		5BF6364519A9F3D900ABD0BA /* Debug */ = {
			isa = XCBuildConfiguration;
			buildSettings = {
				BUNDLE_LOADER = "$(BUILT_PRODUCTS_DIR)/Chat.app/Chat";
				FRAMEWORK_SEARCH_PATHS = (
					"$(SDKROOT)/Developer/Library/Frameworks",
					"$(inherited)",
				);
				GCC_PREPROCESSOR_DEFINITIONS = (
					"DEBUG=1",
					"$(inherited)",
				);
				INFOPLIST_FILE = ChatTests/Info.plist;
				LD_RUNPATH_SEARCH_PATHS = "$(inherited) @executable_path/Frameworks @loader_path/Frameworks";
				METAL_ENABLE_DEBUG_INFO = YES;
				PRODUCT_NAME = "$(TARGET_NAME)";
				TEST_HOST = "$(BUNDLE_LOADER)";
			};
			name = Debug;
		};
		5BF6364619A9F3D900ABD0BA /* Release */ = {
			isa = XCBuildConfiguration;
			buildSettings = {
				BUNDLE_LOADER = "$(BUILT_PRODUCTS_DIR)/Chat.app/Chat";
				FRAMEWORK_SEARCH_PATHS = (
					"$(SDKROOT)/Developer/Library/Frameworks",
					"$(inherited)",
				);
				INFOPLIST_FILE = ChatTests/Info.plist;
				LD_RUNPATH_SEARCH_PATHS = "$(inherited) @executable_path/Frameworks @loader_path/Frameworks";
				METAL_ENABLE_DEBUG_INFO = NO;
				PRODUCT_NAME = "$(TARGET_NAME)";
				TEST_HOST = "$(BUNDLE_LOADER)";
			};
			name = Release;
		};
/* End XCBuildConfiguration section */

/* Begin XCConfigurationList section */
		5BF6362019A9F3D900ABD0BA /* Build configuration list for PBXProject "Chat" */ = {
			isa = XCConfigurationList;
			buildConfigurations = (
				5BF6363F19A9F3D900ABD0BA /* Debug */,
				5BF6364019A9F3D900ABD0BA /* Release */,
			);
			defaultConfigurationIsVisible = 0;
			defaultConfigurationName = Release;
		};
		5BF6364119A9F3D900ABD0BA /* Build configuration list for PBXNativeTarget "Chat" */ = {
			isa = XCConfigurationList;
			buildConfigurations = (
				5BF6364219A9F3D900ABD0BA /* Debug */,
				5BF6364319A9F3D900ABD0BA /* Release */,
			);
			defaultConfigurationIsVisible = 0;
			defaultConfigurationName = Release;
		};
		5BF6364419A9F3D900ABD0BA /* Build configuration list for PBXNativeTarget "ChatTests" */ = {
			isa = XCConfigurationList;
			buildConfigurations = (
				5BF6364519A9F3D900ABD0BA /* Debug */,
				5BF6364619A9F3D900ABD0BA /* Release */,
			);
			defaultConfigurationIsVisible = 0;
			defaultConfigurationName = Release;
		};
/* End XCConfigurationList section */
	};
	rootObject = 5BF6361D19A9F3D900ABD0BA /* Project object */;
}
